
Microsoft Visual Studio Solution File, Format Version 12.00
# Visual Studio Version 16
VisualStudioVersion = 16.0.31005.135
MinimumVisualStudioVersion = 10.0.40219.1
Project("{FAE04EC0-301F-11D3-BF4B-00C04F79EFBC}") = "Sample3_InputMyName", "Sample3_InputMyName.csproj", "{80648D00-B641-4827-8161-3B1F10890629}"
EndProject
Global
	GlobalSection(SolutionConfigurationPlatforms) = preSolution
		Debug|Any CPU = Debug|Any CPU
		Release|Any CPU = Release|Any CPU
	EndGlobalSection
	GlobalSection(ProjectConfigurationPlatforms) = postSolution
		{80648D00-B641-4827-8161-3B1F10890629}.Debug|Any CPU.ActiveCfg = Debug|Any CPU
		{80648D00-B641-4827-8161-3B1F10890629}.Debug|Any CPU.Build.0 = Debug|Any CPU
		{80648D00-B641-4827-8161-3B1F10890629}.Release|Any CPU.ActiveCfg = Release|Any CPU
		{80648D00-B641-4827-8161-3B1F10890629}.Release|Any CPU.Build.0 = Release|Any CPU
	EndGlobalSection
	GlobalSection(SolutionProperties) = preSolution
		HideSolutionNode = FALSE
	EndGlobalSection
	GlobalSection(ExtensibilityGlobals) = postSolution
		SolutionGuid = {F3924F8F-8263-4E86-8957-6D4F62AA2B1A}
	EndGlobalSection
EndGlobal
