
Microsoft Visual Studio Solution File, Format Version 12.00
# Visual Studio Version 16
VisualStudioVersion = 16.0.31019.35
MinimumVisualStudioVersion = 10.0.40219.1
Project("{FAE04EC0-301F-11D3-BF4B-00C04F79EFBC}") = "Sample1_HelloWorld", "Sample1_HelloWorld.csproj", "{1B38FECB-897A-4512-9BD4-10B636F5F293}"
EndProject
Global
	GlobalSection(SolutionConfigurationPlatforms) = preSolution
		Debug|Any CPU = Debug|Any CPU
		Release|Any CPU = Release|Any CPU
	EndGlobalSection
	GlobalSection(ProjectConfigurationPlatforms) = postSolution
		{1B38FECB-897A-4512-9BD4-10B636F5F293}.Debug|Any CPU.ActiveCfg = Debug|Any CPU
		{1B38FECB-897A-4512-9BD4-10B636F5F293}.Debug|Any CPU.Build.0 = Debug|Any CPU
		{1B38FECB-897A-4512-9BD4-10B636F5F293}.Release|Any CPU.ActiveCfg = Release|Any CPU
		{1B38FECB-897A-4512-9BD4-10B636F5F293}.Release|Any CPU.Build.0 = Release|Any CPU
	EndGlobalSection
	GlobalSection(SolutionProperties) = preSolution
		HideSolutionNode = FALSE
	EndGlobalSection
	GlobalSection(ExtensibilityGlobals) = postSolution
		SolutionGuid = {1EB5CC26-12F0-4F3B-B0AE-D23F030FB76C}
	EndGlobalSection
EndGlobal
