
Microsoft Visual Studio Solution File, Format Version 12.00
# Visual Studio Version 16
VisualStudioVersion = 16.0.31005.135
MinimumVisualStudioVersion = 10.0.40219.1
Project("{FAE04EC0-301F-11D3-BF4B-00C04F79EFBC}") = "Sample1_HelloWorld", "Sample1_HelloWorld\Sample1_HelloWorld.csproj", "{ED345EDA-C149-4A0B-B653-11CE958BACBE}"
EndProject
Global
	GlobalSection(SolutionConfigurationPlatforms) = preSolution
		Debug|Any CPU = Debug|Any CPU
		Release|Any CPU = Release|Any CPU
	EndGlobalSection
	GlobalSection(ProjectConfigurationPlatforms) = postSolution
		{ED345EDA-C149-4A0B-B653-11CE958BACBE}.Debug|Any CPU.ActiveCfg = Debug|Any CPU
		{ED345EDA-C149-4A0B-B653-11CE958BACBE}.Debug|Any CPU.Build.0 = Debug|Any CPU
		{ED345EDA-C149-4A0B-B653-11CE958BACBE}.Release|Any CPU.ActiveCfg = Release|Any CPU
		{ED345EDA-C149-4A0B-B653-11CE958BACBE}.Release|Any CPU.Build.0 = Release|Any CPU
	EndGlobalSection
	GlobalSection(SolutionProperties) = preSolution
		HideSolutionNode = FALSE
	EndGlobalSection
	GlobalSection(ExtensibilityGlobals) = postSolution
		SolutionGuid = {62001BA3-8E60-4618-B71A-1BE68CB3E16D}
	EndGlobalSection
EndGlobal
