
Microsoft Visual Studio Solution File, Format Version 12.00
# Visual Studio Version 16
VisualStudioVersion = 16.0.31005.135
MinimumVisualStudioVersion = 10.0.40219.1
Project("{FAE04EC0-301F-11D3-BF4B-00C04F79EFBC}") = "Sample1_HelloWorld", "Sample1_HelloWorld.csproj", "{FDB7455B-C8D6-422B-9215-47708836DA55}"
EndProject
Global
	GlobalSection(SolutionConfigurationPlatforms) = preSolution
		Debug|Any CPU = Debug|Any CPU
		Release|Any CPU = Release|Any CPU
	EndGlobalSection
	GlobalSection(ProjectConfigurationPlatforms) = postSolution
		{FDB7455B-C8D6-422B-9215-47708836DA55}.Debug|Any CPU.ActiveCfg = Debug|Any CPU
		{FDB7455B-C8D6-422B-9215-47708836DA55}.Debug|Any CPU.Build.0 = Debug|Any CPU
		{FDB7455B-C8D6-422B-9215-47708836DA55}.Release|Any CPU.ActiveCfg = Release|Any CPU
		{FDB7455B-C8D6-422B-9215-47708836DA55}.Release|Any CPU.Build.0 = Release|Any CPU
	EndGlobalSection
	GlobalSection(SolutionProperties) = preSolution
		HideSolutionNode = FALSE
	EndGlobalSection
	GlobalSection(ExtensibilityGlobals) = postSolution
		SolutionGuid = {4F8D5AB5-368F-4443-9508-81CBC55A6942}
	EndGlobalSection
EndGlobal
